
Microsoft Visual Studio Solution File, Format Version 12.00
# Visual Studio Version 17
VisualStudioVersion = 17.10.35013.160
MinimumVisualStudioVersion = 10.0.40219.1
Project("{FAE04EC0-301F-11D3-BF4B-00C04F79EFBC}") = "ProductApplication", "ProductApplication\ProductApplication.csproj", "{05F425E2-9946-47BC-A84B-1E0378BEA986}"
EndProject
Global
	GlobalSection(SolutionConfigurationPlatforms) = preSolution
		Debug|Any CPU = Debug|Any CPU
		Release|Any CPU = Release|Any CPU
	EndGlobalSection
	GlobalSection(ProjectConfigurationPlatforms) = postSolution
		{05F425E2-9946-47BC-A84B-1E0378BEA986}.Debug|Any CPU.ActiveCfg = Debug|Any CPU
		{05F425E2-9946-47BC-A84B-1E0378BEA986}.Debug|Any CPU.Build.0 = Debug|Any CPU
		{05F425E2-9946-47BC-A84B-1E0378BEA986}.Release|Any CPU.ActiveCfg = Release|Any CPU
		{05F425E2-9946-47BC-A84B-1E0378BEA986}.Release|Any CPU.Build.0 = Release|Any CPU
	EndGlobalSection
	GlobalSection(SolutionProperties) = preSolution
		HideSolutionNode = FALSE
	EndGlobalSection
	GlobalSection(ExtensibilityGlobals) = postSolution
		SolutionGuid = {19687CCE-D037-4D90-A594-B03B365C98F8}
	EndGlobalSection
EndGlobal
